
Microsoft Visual Studio Solution File, Format Version 12.00
# Visual Studio Version 17
VisualStudioVersion = 17.6.33815.320
MinimumVisualStudioVersion = 10.0.40219.1
Project("{9A19103F-16F7-4668-BE54-9A1E7A4F7556}") = "EasyLife", "EasyLife\EasyLife.csproj", "{0EE65745-9DB9-450E-AB10-D28D540545E2}"
EndProject
Project("{FAE04EC0-301F-11D3-BF4B-00C04F79EFBC}") = "EasyLife.Android", "EasyLife.Android\EasyLife.Android.csproj", "{25D2FF80-BEFE-420B-85D8-208F50879A3C}"
EndProject
Global
	GlobalSection(SolutionConfigurationPlatforms) = preSolution
		Debug|Any CPU = Debug|Any CPU
		Release|Any CPU = Release|Any CPU
	EndGlobalSection
	GlobalSection(ProjectConfigurationPlatforms) = postSolution
		{0EE65745-9DB9-450E-AB10-D28D540545E2}.Debug|Any CPU.ActiveCfg = Debug|Any CPU
		{0EE65745-9DB9-450E-AB10-D28D540545E2}.Debug|Any CPU.Build.0 = Debug|Any CPU
		{0EE65745-9DB9-450E-AB10-D28D540545E2}.Release|Any CPU.ActiveCfg = Release|Any CPU
		{0EE65745-9DB9-450E-AB10-D28D540545E2}.Release|Any CPU.Build.0 = Release|Any CPU
		{25D2FF80-BEFE-420B-85D8-208F50879A3C}.Debug|Any CPU.ActiveCfg = Debug|Any CPU
		{25D2FF80-BEFE-420B-85D8-208F50879A3C}.Debug|Any CPU.Build.0 = Debug|Any CPU
		{25D2FF80-BEFE-420B-85D8-208F50879A3C}.Debug|Any CPU.Deploy.0 = Debug|Any CPU
		{25D2FF80-BEFE-420B-85D8-208F50879A3C}.Release|Any CPU.ActiveCfg = Release|Any CPU
		{25D2FF80-BEFE-420B-85D8-208F50879A3C}.Release|Any CPU.Build.0 = Release|Any CPU
		{25D2FF80-BEFE-420B-85D8-208F50879A3C}.Release|Any CPU.Deploy.0 = Release|Any CPU
	EndGlobalSection
	GlobalSection(SolutionProperties) = preSolution
		HideSolutionNode = FALSE
	EndGlobalSection
	GlobalSection(ExtensibilityGlobals) = postSolution
		SolutionGuid = {A5448466-E501-424D-B612-167120910849}
	EndGlobalSection
EndGlobal
